
Microsoft Visual Studio Solution File, Format Version 12.00
# Visual Studio Version 16
VisualStudioVersion = 16.0.29306.81
MinimumVisualStudioVersion = 10.0.40219.1
Project("{FAE04EC0-301F-11D3-BF4B-00C04F79EFBC}") = "AdventOfCode", "AdventOfCode\AdventOfCode.csproj", "{4C193E19-B84E-4FD0-91A8-1FFA09D34824}"
EndProject
Global
	GlobalSection(SolutionConfigurationPlatforms) = preSolution
		Debug|Any CPU = Debug|Any CPU
		Release|Any CPU = Release|Any CPU
	EndGlobalSection
	GlobalSection(ProjectConfigurationPlatforms) = postSolution
		{4C193E19-B84E-4FD0-91A8-1FFA09D34824}.Debug|Any CPU.ActiveCfg = Debug|Any CPU
		{4C193E19-B84E-4FD0-91A8-1FFA09D34824}.Debug|Any CPU.Build.0 = Debug|Any CPU
		{4C193E19-B84E-4FD0-91A8-1FFA09D34824}.Release|Any CPU.ActiveCfg = Release|Any CPU
		{4C193E19-B84E-4FD0-91A8-1FFA09D34824}.Release|Any CPU.Build.0 = Release|Any CPU
	EndGlobalSection
	GlobalSection(SolutionProperties) = preSolution
		HideSolutionNode = FALSE
	EndGlobalSection
	GlobalSection(ExtensibilityGlobals) = postSolution
		SolutionGuid = {1776322A-E1DB-44A3-B5FF-60BC474ECD59}
	EndGlobalSection
EndGlobal
